<Solution>
  <Project Path="LoyaltyCRM.Api/LoyaltyCRM.Api.csproj" />
  <Project Path="LoyaltyCRM.Domain/LoyaltyCRM.Domain.csproj" />
  <Project Path="LoyaltyCRM.DTOs/LoyaltyCRM.DTOs.csproj" />
  <Project Path="LoyaltyCRM.Infrastructure/LoyaltyCRM.Infrastructure.csproj" />
  <Project Path="LoyaltyCRM.Services/LoyaltyCRM.Services.csproj" />
  <Project Path="LoyaltyCRM.Tests/LoyaltyCRM.Tests.csproj" />
</Solution>
